
Microsoft Visual Studio Solution File, Format Version 12.00
# Visual Studio Version 16
VisualStudioVersion = 16.0.30011.22
MinimumVisualStudioVersion = 10.0.40219.1
Project("{FAE04EC0-301F-11D3-BF4B-00C04F79EFBC}") = "WebApp", "WebApp\WebApp.csproj", "{C7E14393-51E8-49AD-A5AC-8CD061C67088}"
EndProject
Project("{FAE04EC0-301F-11D3-BF4B-00C04F79EFBC}") = "WebAppTests", "WebAppTests\WebAppTests.csproj", "{10DACEEF-D314-4344-87B3-997DCD30D9FD}"
EndProject
Global
	GlobalSection(SolutionConfigurationPlatforms) = preSolution
		Debug|Any CPU = Debug|Any CPU
		Release|Any CPU = Release|Any CPU
	EndGlobalSection
	GlobalSection(ProjectConfigurationPlatforms) = postSolution
		{C7E14393-51E8-49AD-A5AC-8CD061C67088}.Debug|Any CPU.ActiveCfg = Debug|Any CPU
		{C7E14393-51E8-49AD-A5AC-8CD061C67088}.Debug|Any CPU.Build.0 = Debug|Any CPU
		{C7E14393-51E8-49AD-A5AC-8CD061C67088}.Release|Any CPU.ActiveCfg = Release|Any CPU
		{C7E14393-51E8-49AD-A5AC-8CD061C67088}.Release|Any CPU.Build.0 = Release|Any CPU
		{10DACEEF-D314-4344-87B3-997DCD30D9FD}.Debug|Any CPU.ActiveCfg = Debug|Any CPU
		{10DACEEF-D314-4344-87B3-997DCD30D9FD}.Debug|Any CPU.Build.0 = Debug|Any CPU
		{10DACEEF-D314-4344-87B3-997DCD30D9FD}.Release|Any CPU.ActiveCfg = Release|Any CPU
		{10DACEEF-D314-4344-87B3-997DCD30D9FD}.Release|Any CPU.Build.0 = Release|Any CPU
	EndGlobalSection
	GlobalSection(SolutionProperties) = preSolution
		HideSolutionNode = FALSE
	EndGlobalSection
	GlobalSection(ExtensibilityGlobals) = postSolution
		SolutionGuid = {D6627559-6DE6-4DFB-BCC8-80A12E66D6B3}
	EndGlobalSection
EndGlobal
